// !$*UTF8*$!
{
	archiveVersion = 1;
	classes = {
	};
	objectVersion = 46;
	objects = {

/* Begin PBXBuildFile section */
		093A82231F691D7F003FFFDB /* LRWebView.m in Sources */ = {isa = PBXBuildFile; fileRef = 093A82221F691D7F003FFFDB /* LRWebView.m */; };
		093A82291F692168003FFFDB /* NSObject+MethodSwizzling.m in Sources */ = {isa = PBXBuildFile; fileRef = 093A82281F692168003FFFDB /* NSObject+MethodSwizzling.m */; };
		093A822C1F692182003FFFDB /* NSMutableURLRequest+LRMutableURLRequest.m in Sources */ = {isa = PBXBuildFile; fileRef = 093A822B1F692182003FFFDB /* NSMutableURLRequest+LRMutableURLRequest.m */; };
		093A82611F693753003FFFDB /* NJKWebViewProgress.m in Sources */ = {isa = PBXBuildFile; fileRef = 093A825E1F693753003FFFDB /* NJKWebViewProgress.m */; };
		093A82621F693753003FFFDB /* NJKWebViewProgressView.m in Sources */ = {isa = PBXBuildFile; fileRef = 093A82601F693753003FFFDB /* NJKWebViewProgressView.m */; };
		093E36861F5E4C2F0012C05F /* main.m in Sources */ = {isa = PBXBuildFile; fileRef = 093E36851F5E4C2F0012C05F /* main.m */; };
		093E36891F5E4C2F0012C05F /* AppDelegate.m in Sources */ = {isa = PBXBuildFile; fileRef = 093E36881F5E4C2F0012C05F /* AppDelegate.m */; };
		093E368C1F5E4C2F0012C05F /* ViewController.m in Sources */ = {isa = PBXBuildFile; fileRef = 093E368B1F5E4C2F0012C05F /* ViewController.m */; };
		093E368F1F5E4C2F0012C05F /* Main.storyboard in Resources */ = {isa = PBXBuildFile; fileRef = 093E368D1F5E4C2F0012C05F /* Main.storyboard */; };
		093E36911F5E4C2F0012C05F /* Assets.xcassets in Resources */ = {isa = PBXBuildFile; fileRef = 093E36901F5E4C2F0012C05F /* Assets.xcassets */; };
		093E36941F5E4C2F0012C05F /* LaunchScreen.storyboard in Resources */ = {isa = PBXBuildFile; fileRef = 093E36921F5E4C2F0012C05F /* LaunchScreen.storyboard */; };
		093E36AB1F5EB9650012C05F /* JavaScriptCore.framework in Frameworks */ = {isa = PBXBuildFile; fileRef = 093E36AA1F5EB9650012C05F /* JavaScriptCore.framework */; };
		0960952C1F676DBA0023696E /* ChooseImageOut.m in Sources */ = {isa = PBXBuildFile; fileRef = 096095291F676DBA0023696E /* ChooseImageOut.m */; };
		0960952D1F676DBA0023696E /* ImageItem.m in Sources */ = {isa = PBXBuildFile; fileRef = 0960952B1F676DBA0023696E /* ImageItem.m */; };
		096095311F676DD00023696E /* LvXiu.m in Sources */ = {isa = PBXBuildFile; fileRef = 096095301F676DD00023696E /* LvXiu.m */; };
		096095341F6772420023696E /* Util.m in Sources */ = {isa = PBXBuildFile; fileRef = 096095331F6772420023696E /* Util.m */; };
		0960953C1F67B3950023696E /* JSBridge.m in Sources */ = {isa = PBXBuildFile; fileRef = 0960953B1F67B3950023696E /* JSBridge.m */; };
		096278481F5FA59300192340 /* NSBundle+TZImagePicker.m in Sources */ = {isa = PBXBuildFile; fileRef = 0962782C1F5FA59300192340 /* NSBundle+TZImagePicker.m */; };
		096278491F5FA59300192340 /* TZAssetCell.m in Sources */ = {isa = PBXBuildFile; fileRef = 0962782E1F5FA59300192340 /* TZAssetCell.m */; };
		0962784A1F5FA59300192340 /* TZAssetModel.m in Sources */ = {isa = PBXBuildFile; fileRef = 096278301F5FA59300192340 /* TZAssetModel.m */; };
		0962784B1F5FA59300192340 /* TZGifPhotoPreviewController.m in Sources */ = {isa = PBXBuildFile; fileRef = 096278321F5FA59300192340 /* TZGifPhotoPreviewController.m */; };
		0962784C1F5FA59300192340 /* TZImageCropManager.m in Sources */ = {isa = PBXBuildFile; fileRef = 096278341F5FA59300192340 /* TZImageCropManager.m */; };
		0962784D1F5FA59300192340 /* TZImageManager.m in Sources */ = {isa = PBXBuildFile; fileRef = 096278361F5FA59300192340 /* TZImageManager.m */; };
		0962784E1F5FA59300192340 /* TZImagePickerController.bundle in Resources */ = {isa = PBXBuildFile; fileRef = 096278371F5FA59300192340 /* TZImagePickerController.bundle */; };
		0962784F1F5FA59300192340 /* TZImagePickerController.m in Sources */ = {isa = PBXBuildFile; fileRef = 096278391F5FA59300192340 /* TZImagePickerController.m */; };
		096278501F5FA59300192340 /* TZLocationManager.m in Sources */ = {isa = PBXBuildFile; fileRef = 0962783B1F5FA59300192340 /* TZLocationManager.m */; };
		096278511F5FA59300192340 /* TZPhotoPickerController.m in Sources */ = {isa = PBXBuildFile; fileRef = 0962783D1F5FA59300192340 /* TZPhotoPickerController.m */; };
		096278521F5FA59300192340 /* TZPhotoPreviewCell.m in Sources */ = {isa = PBXBuildFile; fileRef = 0962783F1F5FA59300192340 /* TZPhotoPreviewCell.m */; };
		096278531F5FA59300192340 /* TZPhotoPreviewController.m in Sources */ = {isa = PBXBuildFile; fileRef = 096278411F5FA59300192340 /* TZPhotoPreviewController.m */; };
		096278541F5FA59300192340 /* TZProgressView.m in Sources */ = {isa = PBXBuildFile; fileRef = 096278431F5FA59300192340 /* TZProgressView.m */; };
		096278551F5FA59300192340 /* TZVideoPlayerController.m in Sources */ = {isa = PBXBuildFile; fileRef = 096278451F5FA59300192340 /* TZVideoPlayerController.m */; };
		096278561F5FA59300192340 /* UIView+Layout.m in Sources */ = {isa = PBXBuildFile; fileRef = 096278471F5FA59300192340 /* UIView+Layout.m */; };
/* End PBXBuildFile section */

/* Begin PBXFileReference section */
		093A82211F691D7F003FFFDB /* LRWebView.h */ = {isa = PBXFileReference; fileEncoding = 4; lastKnownFileType = sourcecode.c.h; path = LRWebView.h; sourceTree = "<group>"; };
		093A82221F691D7F003FFFDB /* LRWebView.m */ = {isa = PBXFileReference; fileEncoding = 4; lastKnownFileType = sourcecode.c.objc; path = LRWebView.m; sourceTree = "<group>"; };
		093A82271F692168003FFFDB /* NSObject+MethodSwizzling.h */ = {isa = PBXFileReference; fileEncoding = 4; lastKnownFileType = sourcecode.c.h; path = "NSObject+MethodSwizzling.h"; sourceTree = "<group>"; };
		093A82281F692168003FFFDB /* NSObject+MethodSwizzling.m */ = {isa = PBXFileReference; fileEncoding = 4; lastKnownFileType = sourcecode.c.objc; path = "NSObject+MethodSwizzling.m"; sourceTree = "<group>"; };
		093A822A1F692182003FFFDB /* NSMutableURLRequest+LRMutableURLRequest.h */ = {isa = PBXFileReference; fileEncoding = 4; lastKnownFileType = sourcecode.c.h; path = "NSMutableURLRequest+LRMutableURLRequest.h"; sourceTree = "<group>"; };
		093A822B1F692182003FFFDB /* NSMutableURLRequest+LRMutableURLRequest.m */ = {isa = PBXFileReference; fileEncoding = 4; lastKnownFileType = sourcecode.c.objc; path = "NSMutableURLRequest+LRMutableURLRequest.m"; sourceTree = "<group>"; };
		093A825D1F693753003FFFDB /* NJKWebViewProgress.h */ = {isa = PBXFileReference; fileEncoding = 4; lastKnownFileType = sourcecode.c.h; path = NJKWebViewProgress.h; sourceTree = "<group>"; };
		093A825E1F693753003FFFDB /* NJKWebViewProgress.m */ = {isa = PBXFileReference; fileEncoding = 4; lastKnownFileType = sourcecode.c.objc; path = NJKWebViewProgress.m; sourceTree = "<group>"; };
		093A825F1F693753003FFFDB /* NJKWebViewProgressView.h */ = {isa = PBXFileReference; fileEncoding = 4; lastKnownFileType = sourcecode.c.h; path = NJKWebViewProgressView.h; sourceTree = "<group>"; };
		093A82601F693753003FFFDB /* NJKWebViewProgressView.m */ = {isa = PBXFileReference; fileEncoding = 4; lastKnownFileType = sourcecode.c.objc; path = NJKWebViewProgressView.m; sourceTree = "<group>"; };
		093E36811F5E4C2F0012C05F /* LvXiu_iOS.app */ = {isa = PBXFileReference; explicitFileType = wrapper.application; includeInIndex = 0; path = LvXiu_iOS.app; sourceTree = BUILT_PRODUCTS_DIR; };
		093E36851F5E4C2F0012C05F /* main.m */ = {isa = PBXFileReference; lastKnownFileType = sourcecode.c.objc; path = main.m; sourceTree = "<group>"; };
		093E36871F5E4C2F0012C05F /* AppDelegate.h */ = {isa = PBXFileReference; lastKnownFileType = sourcecode.c.h; path = AppDelegate.h; sourceTree = "<group>"; };
		093E36881F5E4C2F0012C05F /* AppDelegate.m */ = {isa = PBXFileReference; lastKnownFileType = sourcecode.c.objc; path = AppDelegate.m; sourceTree = "<group>"; };
		093E368A1F5E4C2F0012C05F /* ViewController.h */ = {isa = PBXFileReference; lastKnownFileType = sourcecode.c.h; path = ViewController.h; sourceTree = "<group>"; };
		093E368B1F5E4C2F0012C05F /* ViewController.m */ = {isa = PBXFileReference; lastKnownFileType = sourcecode.c.objc; path = ViewController.m; sourceTree = "<group>"; };
		093E368E1F5E4C2F0012C05F /* Base */ = {isa = PBXFileReference; lastKnownFileType = file.storyboard; name = Base; path = Base.lproj/Main.storyboard; sourceTree = "<group>"; };
		093E36901F5E4C2F0012C05F /* Assets.xcassets */ = {isa = PBXFileReference; lastKnownFileType = folder.assetcatalog; path = Assets.xcassets; sourceTree = "<group>"; };
		093E36931F5E4C2F0012C05F /* Base */ = {isa = PBXFileReference; lastKnownFileType = file.storyboard; name = Base; path = Base.lproj/LaunchScreen.storyboard; sourceTree = "<group>"; };
		093E36951F5E4C2F0012C05F /* Info.plist */ = {isa = PBXFileReference; lastKnownFileType = text.plist.xml; path = Info.plist; sourceTree = "<group>"; };
		093E36AA1F5EB9650012C05F /* JavaScriptCore.framework */ = {isa = PBXFileReference; lastKnownFileType = wrapper.framework; name = JavaScriptCore.framework; path = System/Library/Frameworks/JavaScriptCore.framework; sourceTree = SDKROOT; };
		093E36AD1F5EBDA70012C05F /* LvXiu.pch */ = {isa = PBXFileReference; lastKnownFileType = sourcecode.c.h; path = LvXiu.pch; sourceTree = "<group>"; };
		096095281F676DBA0023696E /* ChooseImageOut.h */ = {isa = PBXFileReference; fileEncoding = 4; lastKnownFileType = sourcecode.c.h; path = ChooseImageOut.h; sourceTree = "<group>"; };
		096095291F676DBA0023696E /* ChooseImageOut.m */ = {isa = PBXFileReference; fileEncoding = 4; lastKnownFileType = sourcecode.c.objc; path = ChooseImageOut.m; sourceTree = "<group>"; };
		0960952A1F676DBA0023696E /* ImageItem.h */ = {isa = PBXFileReference; fileEncoding = 4; lastKnownFileType = sourcecode.c.h; path = ImageItem.h; sourceTree = "<group>"; };
		0960952B1F676DBA0023696E /* ImageItem.m */ = {isa = PBXFileReference; fileEncoding = 4; lastKnownFileType = sourcecode.c.objc; path = ImageItem.m; sourceTree = "<group>"; };
		0960952F1F676DD00023696E /* LvXiu.h */ = {isa = PBXFileReference; fileEncoding = 4; lastKnownFileType = sourcecode.c.h; path = LvXiu.h; sourceTree = "<group>"; };
		096095301F676DD00023696E /* LvXiu.m */ = {isa = PBXFileReference; fileEncoding = 4; lastKnownFileType = sourcecode.c.objc; path = LvXiu.m; sourceTree = "<group>"; };
		096095321F6772420023696E /* Util.h */ = {isa = PBXFileReference; fileEncoding = 4; lastKnownFileType = sourcecode.c.h; path = Util.h; sourceTree = "<group>"; };
		096095331F6772420023696E /* Util.m */ = {isa = PBXFileReference; fileEncoding = 4; lastKnownFileType = sourcecode.c.objc; path = Util.m; sourceTree = "<group>"; };
		0960953A1F67B3950023696E /* JSBridge.h */ = {isa = PBXFileReference; fileEncoding = 4; lastKnownFileType = sourcecode.c.h; path = JSBridge.h; sourceTree = "<group>"; };
		0960953B1F67B3950023696E /* JSBridge.m */ = {isa = PBXFileReference; fileEncoding = 4; lastKnownFileType = sourcecode.c.objc; path = JSBridge.m; sourceTree = "<group>"; };
		0962782B1F5FA59300192340 /* NSBundle+TZImagePicker.h */ = {isa = PBXFileReference; fileEncoding = 4; lastKnownFileType = sourcecode.c.h; path = "NSBundle+TZImagePicker.h"; sourceTree = "<group>"; };
		0962782C1F5FA59300192340 /* NSBundle+TZImagePicker.m */ = {isa = PBXFileReference; fileEncoding = 4; lastKnownFileType = sourcecode.c.objc; path = "NSBundle+TZImagePicker.m"; sourceTree = "<group>"; };
		0962782D1F5FA59300192340 /* TZAssetCell.h */ = {isa = PBXFileReference; fileEncoding = 4; lastKnownFileType = sourcecode.c.h; path = TZAssetCell.h; sourceTree = "<group>"; };
		0962782E1F5FA59300192340 /* TZAssetCell.m */ = {isa = PBXFileReference; fileEncoding = 4; lastKnownFileType = sourcecode.c.objc; path = TZAssetCell.m; sourceTree = "<group>"; };
		0962782F1F5FA59300192340 /* TZAssetModel.h */ = {isa = PBXFileReference; fileEncoding = 4; lastKnownFileType = sourcecode.c.h; path = TZAssetModel.h; sourceTree = "<group>"; };
		096278301F5FA59300192340 /* TZAssetModel.m */ = {isa = PBXFileReference; fileEncoding = 4; lastKnownFileType = sourcecode.c.objc; path = TZAssetModel.m; sourceTree = "<group>"; };
		096278311F5FA59300192340 /* TZGifPhotoPreviewController.h */ = {isa = PBXFileReference; fileEncoding = 4; lastKnownFileType = sourcecode.c.h; path = TZGifPhotoPreviewController.h; sourceTree = "<group>"; };
		096278321F5FA59300192340 /* TZGifPhotoPreviewController.m */ = {isa = PBXFileReference; fileEncoding = 4; lastKnownFileType = sourcecode.c.objc; path = TZGifPhotoPreviewController.m; sourceTree = "<group>"; };
		096278331F5FA59300192340 /* TZImageCropManager.h */ = {isa = PBXFileReference; fileEncoding = 4; lastKnownFileType = sourcecode.c.h; path = TZImageCropManager.h; sourceTree = "<group>"; };
		096278341F5FA59300192340 /* TZImageCropManager.m */ = {isa = PBXFileReference; fileEncoding = 4; lastKnownFileType = sourcecode.c.objc; path = TZImageCropManager.m; sourceTree = "<group>"; };
		096278351F5FA59300192340 /* TZImageManager.h */ = {isa = PBXFileReference; fileEncoding = 4; lastKnownFileType = sourcecode.c.h; path = TZImageManager.h; sourceTree = "<group>"; };
		096278361F5FA59300192340 /* TZImageManager.m */ = {isa = PBXFileReference; fileEncoding = 4; lastKnownFileType = sourcecode.c.objc; path = TZImageManager.m; sourceTree = "<group>"; };
		096278371F5FA59300192340 /* TZImagePickerController.bundle */ = {isa = PBXFileReference; lastKnownFileType = "wrapper.plug-in"; path = TZImagePickerController.bundle; sourceTree = "<group>"; };
		096278381F5FA59300192340 /* TZImagePickerController.h */ = {isa = PBXFileReference; fileEncoding = 4; lastKnownFileType = sourcecode.c.h; path = TZImagePickerController.h; sourceTree = "<group>"; };
		096278391F5FA59300192340 /* TZImagePickerController.m */ = {isa = PBXFileReference; fileEncoding = 4; lastKnownFileType = sourcecode.c.objc; path = TZImagePickerController.m; sourceTree = "<group>"; };
		0962783A1F5FA59300192340 /* TZLocationManager.h */ = {isa = PBXFileReference; fileEncoding = 4; lastKnownFileType = sourcecode.c.h; path = TZLocationManager.h; sourceTree = "<group>"; };
		0962783B1F5FA59300192340 /* TZLocationManager.m */ = {isa = PBXFileReference; fileEncoding = 4; lastKnownFileType = sourcecode.c.objc; path = TZLocationManager.m; sourceTree = "<group>"; };
		0962783C1F5FA59300192340 /* TZPhotoPickerController.h */ = {isa = PBXFileReference; fileEncoding = 4; lastKnownFileType = sourcecode.c.h; path = TZPhotoPickerController.h; sourceTree = "<group>"; };
		0962783D1F5FA59300192340 /* TZPhotoPickerController.m */ = {isa = PBXFileReference; fileEncoding = 4; lastKnownFileType = sourcecode.c.objc; path = TZPhotoPickerController.m; sourceTree = "<group>"; };
		0962783E1F5FA59300192340 /* TZPhotoPreviewCell.h */ = {isa = PBXFileReference; fileEncoding = 4; lastKnownFileType = sourcecode.c.h; path = TZPhotoPreviewCell.h; sourceTree = "<group>"; };
		0962783F1F5FA59300192340 /* TZPhotoPreviewCell.m */ = {isa = PBXFileReference; fileEncoding = 4; lastKnownFileType = sourcecode.c.objc; path = TZPhotoPreviewCell.m; sourceTree = "<group>"; };
		096278401F5FA59300192340 /* TZPhotoPreviewController.h */ = {isa = PBXFileReference; fileEncoding = 4; lastKnownFileType = sourcecode.c.h; path = TZPhotoPreviewController.h; sourceTree = "<group>"; };
		096278411F5FA59300192340 /* TZPhotoPreviewController.m */ = {isa = PBXFileReference; fileEncoding = 4; lastKnownFileType = sourcecode.c.objc; path = TZPhotoPreviewController.m; sourceTree = "<group>"; };
		096278421F5FA59300192340 /* TZProgressView.h */ = {isa = PBXFileReference; fileEncoding = 4; lastKnownFileType = sourcecode.c.h; path = TZProgressView.h; sourceTree = "<group>"; };
		096278431F5FA59300192340 /* TZProgressView.m */ = {isa = PBXFileReference; fileEncoding = 4; lastKnownFileType = sourcecode.c.objc; path = TZProgressView.m; sourceTree = "<group>"; };
		096278441F5FA59300192340 /* TZVideoPlayerController.h */ = {isa = PBXFileReference; fileEncoding = 4; lastKnownFileType = sourcecode.c.h; path = TZVideoPlayerController.h; sourceTree = "<group>"; };
		096278451F5FA59300192340 /* TZVideoPlayerController.m */ = {isa = PBXFileReference; fileEncoding = 4; lastKnownFileType = sourcecode.c.objc; path = TZVideoPlayerController.m; sourceTree = "<group>"; };
		096278461F5FA59300192340 /* UIView+Layout.h */ = {isa = PBXFileReference; fileEncoding = 4; lastKnownFileType = sourcecode.c.h; path = "UIView+Layout.h"; sourceTree = "<group>"; };
		096278471F5FA59300192340 /* UIView+Layout.m */ = {isa = PBXFileReference; fileEncoding = 4; lastKnownFileType = sourcecode.c.objc; path = "UIView+Layout.m"; sourceTree = "<group>"; };
/* End PBXFileReference section */

/* Begin PBXFrameworksBuildPhase section */
		093E367E1F5E4C2F0012C05F /* Frameworks */ = {
			isa = PBXFrameworksBuildPhase;
			buildActionMask = 2147483647;
			files = (
				093E36AB1F5EB9650012C05F /* JavaScriptCore.framework in Frameworks */,
			);
			runOnlyForDeploymentPostprocessing = 0;
		};
/* End PBXFrameworksBuildPhase section */

/* Begin PBXGroup section */
		093A825C1F693753003FFFDB /* NJKWebViewProgress */ = {
			isa = PBXGroup;
			children = (
				093A825D1F693753003FFFDB /* NJKWebViewProgress.h */,
				093A825E1F693753003FFFDB /* NJKWebViewProgress.m */,
				093A825F1F693753003FFFDB /* NJKWebViewProgressView.h */,
				093A82601F693753003FFFDB /* NJKWebViewProgressView.m */,
			);
			path = NJKWebViewProgress;
			sourceTree = "<group>";
		};
		093E36781F5E4C2F0012C05F = {
			isa = PBXGroup;
			children = (
				093E36831F5E4C2F0012C05F /* LvXiu_iOS */,
				093E36821F5E4C2F0012C05F /* Products */,
				093E36A91F5EB9650012C05F /* Frameworks */,
			);
			sourceTree = "<group>";
		};
		093E36821F5E4C2F0012C05F /* Products */ = {
			isa = PBXGroup;
			children = (
				093E36811F5E4C2F0012C05F /* LvXiu_iOS.app */,
			);
			name = Products;
			sourceTree = "<group>";
		};
		093E36831F5E4C2F0012C05F /* LvXiu_iOS */ = {
			isa = PBXGroup;
			children = (
				0960952E1F676DC70023696E /* JSExport */,
				096095271F676DAD0023696E /* Model */,
				096278291F5FA58600192340 /* Vendor */,
				093E36871F5E4C2F0012C05F /* AppDelegate.h */,
				093E36881F5E4C2F0012C05F /* AppDelegate.m */,
				093E368A1F5E4C2F0012C05F /* ViewController.h */,
				093E368B1F5E4C2F0012C05F /* ViewController.m */,
				093E368D1F5E4C2F0012C05F /* Main.storyboard */,
				093E36901F5E4C2F0012C05F /* Assets.xcassets */,
				093E36921F5E4C2F0012C05F /* LaunchScreen.storyboard */,
				093E36951F5E4C2F0012C05F /* Info.plist */,
				093E36841F5E4C2F0012C05F /* Supporting Files */,
			);
			path = LvXiu_iOS;
			sourceTree = "<group>";
		};
		093E36841F5E4C2F0012C05F /* Supporting Files */ = {
			isa = PBXGroup;
			children = (
				093E36851F5E4C2F0012C05F /* main.m */,
				093E36AD1F5EBDA70012C05F /* LvXiu.pch */,
				096095321F6772420023696E /* Util.h */,
				096095331F6772420023696E /* Util.m */,
			);
			name = "Supporting Files";
			sourceTree = "<group>";
		};
		093E36A91F5EB9650012C05F /* Frameworks */ = {
			isa = PBXGroup;
			children = (
				093E36AA1F5EB9650012C05F /* JavaScriptCore.framework */,
			);
			name = Frameworks;
			sourceTree = "<group>";
		};
		096095271F676DAD0023696E /* Model */ = {
			isa = PBXGroup;
			children = (
				096095281F676DBA0023696E /* ChooseImageOut.h */,
				096095291F676DBA0023696E /* ChooseImageOut.m */,
				0960952A1F676DBA0023696E /* ImageItem.h */,
				0960952B1F676DBA0023696E /* ImageItem.m */,
			);
			path = Model;
			sourceTree = "<group>";
		};
		0960952E1F676DC70023696E /* JSExport */ = {
			isa = PBXGroup;
			children = (
				0960952F1F676DD00023696E /* LvXiu.h */,
				096095301F676DD00023696E /* LvXiu.m */,
				0960953A1F67B3950023696E /* JSBridge.h */,
				0960953B1F67B3950023696E /* JSBridge.m */,
			);
			path = JSExport;
			sourceTree = "<group>";
		};
		096278291F5FA58600192340 /* Vendor */ = {
			isa = PBXGroup;
			children = (
				093A825C1F693753003FFFDB /* NJKWebViewProgress */,
				0962782A1F5FA59300192340 /* TZImagePickerController */,
				093A82211F691D7F003FFFDB /* LRWebView.h */,
				093A82221F691D7F003FFFDB /* LRWebView.m */,
				093A82271F692168003FFFDB /* NSObject+MethodSwizzling.h */,
				093A82281F692168003FFFDB /* NSObject+MethodSwizzling.m */,
				093A822A1F692182003FFFDB /* NSMutableURLRequest+LRMutableURLRequest.h */,
				093A822B1F692182003FFFDB /* NSMutableURLRequest+LRMutableURLRequest.m */,
			);
			path = Vendor;
			sourceTree = "<group>";
		};
		0962782A1F5FA59300192340 /* TZImagePickerController */ = {
			isa = PBXGroup;
			children = (
				0962782B1F5FA59300192340 /* NSBundle+TZImagePicker.h */,
				0962782C1F5FA59300192340 /* NSBundle+TZImagePicker.m */,
				0962782D1F5FA59300192340 /* TZAssetCell.h */,
				0962782E1F5FA59300192340 /* TZAssetCell.m */,
				0962782F1F5FA59300192340 /* TZAssetModel.h */,
				096278301F5FA59300192340 /* TZAssetModel.m */,
				096278311F5FA59300192340 /* TZGifPhotoPreviewController.h */,
				096278321F5FA59300192340 /* TZGifPhotoPreviewController.m */,
				096278331F5FA59300192340 /* TZImageCropManager.h */,
				096278341F5FA59300192340 /* TZImageCropManager.m */,
				096278351F5FA59300192340 /* TZImageManager.h */,
				096278361F5FA59300192340 /* TZImageManager.m */,
				096278371F5FA59300192340 /* TZImagePickerController.bundle */,
				096278381F5FA59300192340 /* TZImagePickerController.h */,
				096278391F5FA59300192340 /* TZImagePickerController.m */,
				0962783A1F5FA59300192340 /* TZLocationManager.h */,
				0962783B1F5FA59300192340 /* TZLocationManager.m */,
				0962783C1F5FA59300192340 /* TZPhotoPickerController.h */,
				0962783D1F5FA59300192340 /* TZPhotoPickerController.m */,
				0962783E1F5FA59300192340 /* TZPhotoPreviewCell.h */,
				0962783F1F5FA59300192340 /* TZPhotoPreviewCell.m */,
				096278401F5FA59300192340 /* TZPhotoPreviewController.h */,
				096278411F5FA59300192340 /* TZPhotoPreviewController.m */,
				096278421F5FA59300192340 /* TZProgressView.h */,
				096278431F5FA59300192340 /* TZProgressView.m */,
				096278441F5FA59300192340 /* TZVideoPlayerController.h */,
				096278451F5FA59300192340 /* TZVideoPlayerController.m */,
				096278461F5FA59300192340 /* UIView+Layout.h */,
				096278471F5FA59300192340 /* UIView+Layout.m */,
			);
			path = TZImagePickerController;
			sourceTree = "<group>";
		};
/* End PBXGroup section */

/* Begin PBXNativeTarget section */
		093E36801F5E4C2F0012C05F /* LvXiu_iOS */ = {
			isa = PBXNativeTarget;
			buildConfigurationList = 093E36981F5E4C2F0012C05F /* Build configuration list for PBXNativeTarget "LvXiu_iOS" */;
			buildPhases = (
				093E367D1F5E4C2F0012C05F /* Sources */,
				093E367E1F5E4C2F0012C05F /* Frameworks */,
				093E367F1F5E4C2F0012C05F /* Resources */,
			);
			buildRules = (
			);
			dependencies = (
			);
			name = LvXiu_iOS;
			productName = LvXiu_iOS;
			productReference = 093E36811F5E4C2F0012C05F /* LvXiu_iOS.app */;
			productType = "com.apple.product-type.application";
		};
/* End PBXNativeTarget section */

/* Begin PBXProject section */
		093E36791F5E4C2F0012C05F /* Project object */ = {
			isa = PBXProject;
			attributes = {
				LastUpgradeCheck = 0830;
				ORGANIZATIONNAME = panshen;
				TargetAttributes = {
					093E36801F5E4C2F0012C05F = {
						CreatedOnToolsVersion = 8.3.3;
						DevelopmentTeam = S58CK2GNVZ;
						ProvisioningStyle = Manual;
					};
				};
			};
			buildConfigurationList = 093E367C1F5E4C2F0012C05F /* Build configuration list for PBXProject "LvXiu_iOS" */;
			compatibilityVersion = "Xcode 3.2";
			developmentRegion = English;
			hasScannedForEncodings = 0;
			knownRegions = (
				en,
				Base,
			);
			mainGroup = 093E36781F5E4C2F0012C05F;
			productRefGroup = 093E36821F5E4C2F0012C05F /* Products */;
			projectDirPath = "";
			projectRoot = "";
			targets = (
				093E36801F5E4C2F0012C05F /* LvXiu_iOS */,
			);
		};
/* End PBXProject section */

/* Begin PBXResourcesBuildPhase section */
		093E367F1F5E4C2F0012C05F /* Resources */ = {
			isa = PBXResourcesBuildPhase;
			buildActionMask = 2147483647;
			files = (
				093E36941F5E4C2F0012C05F /* LaunchScreen.storyboard in Resources */,
				0962784E1F5FA59300192340 /* TZImagePickerController.bundle in Resources */,
				093E36911F5E4C2F0012C05F /* Assets.xcassets in Resources */,
				093E368F1F5E4C2F0012C05F /* Main.storyboard in Resources */,
			);
			runOnlyForDeploymentPostprocessing = 0;
		};
/* End PBXResourcesBuildPhase section */

/* Begin PBXSourcesBuildPhase section */
		093E367D1F5E4C2F0012C05F /* Sources */ = {
			isa = PBXSourcesBuildPhase;
			buildActionMask = 2147483647;
			files = (
				0962784A1F5FA59300192340 /* TZAssetModel.m in Sources */,
				096278531F5FA59300192340 /* TZPhotoPreviewController.m in Sources */,
				096278541F5FA59300192340 /* TZProgressView.m in Sources */,
				096278481F5FA59300192340 /* NSBundle+TZImagePicker.m in Sources */,
				096278491F5FA59300192340 /* TZAssetCell.m in Sources */,
				096095341F6772420023696E /* Util.m in Sources */,
				0960952C1F676DBA0023696E /* ChooseImageOut.m in Sources */,
				093E368C1F5E4C2F0012C05F /* ViewController.m in Sources */,
				0962784D1F5FA59300192340 /* TZImageManager.m in Sources */,
				0960953C1F67B3950023696E /* JSBridge.m in Sources */,
				093A82611F693753003FFFDB /* NJKWebViewProgress.m in Sources */,
				0960952D1F676DBA0023696E /* ImageItem.m in Sources */,
				093E36891F5E4C2F0012C05F /* AppDelegate.m in Sources */,
				096278561F5FA59300192340 /* UIView+Layout.m in Sources */,
				093A82231F691D7F003FFFDB /* LRWebView.m in Sources */,
				093A822C1F692182003FFFDB /* NSMutableURLRequest+LRMutableURLRequest.m in Sources */,
				096278511F5FA59300192340 /* TZPhotoPickerController.m in Sources */,
				0962784B1F5FA59300192340 /* TZGifPhotoPreviewController.m in Sources */,
				096278551F5FA59300192340 /* TZVideoPlayerController.m in Sources */,
				093E36861F5E4C2F0012C05F /* main.m in Sources */,
				096278501F5FA59300192340 /* TZLocationManager.m in Sources */,
				0962784C1F5FA59300192340 /* TZImageCropManager.m in Sources */,
				093A82291F692168003FFFDB /* NSObject+MethodSwizzling.m in Sources */,
				0962784F1F5FA59300192340 /* TZImagePickerController.m in Sources */,
				096095311F676DD00023696E /* LvXiu.m in Sources */,
				093A82621F693753003FFFDB /* NJKWebViewProgressView.m in Sources */,
				096278521F5FA59300192340 /* TZPhotoPreviewCell.m in Sources */,
			);
			runOnlyForDeploymentPostprocessing = 0;
		};
/* End PBXSourcesBuildPhase section */

/* Begin PBXVariantGroup section */
		093E368D1F5E4C2F0012C05F /* Main.storyboard */ = {
			isa = PBXVariantGroup;
			children = (
				093E368E1F5E4C2F0012C05F /* Base */,
			);
			name = Main.storyboard;
			sourceTree = "<group>";
		};
		093E36921F5E4C2F0012C05F /* LaunchScreen.storyboard */ = {
			isa = PBXVariantGroup;
			children = (
				093E36931F5E4C2F0012C05F /* Base */,
			);
			name = LaunchScreen.storyboard;
			sourceTree = "<group>";
		};
/* End PBXVariantGroup section */

/* Begin XCBuildConfiguration section */
		093E36961F5E4C2F0012C05F /* Debug */ = {
			isa = XCBuildConfiguration;
			buildSettings = {
				ALWAYS_SEARCH_USER_PATHS = NO;
				CLANG_ANALYZER_NONNULL = YES;
				CLANG_ANALYZER_NUMBER_OBJECT_CONVERSION = YES_AGGRESSIVE;
				CLANG_CXX_LANGUAGE_STANDARD = "gnu++0x";
				CLANG_CXX_LIBRARY = "libc++";
				CLANG_ENABLE_MODULES = YES;
				CLANG_ENABLE_OBJC_ARC = YES;
				CLANG_WARN_BOOL_CONVERSION = YES;
				CLANG_WARN_CONSTANT_CONVERSION = YES;
				CLANG_WARN_DIRECT_OBJC_ISA_USAGE = YES_ERROR;
				CLANG_WARN_DOCUMENTATION_COMMENTS = YES;
				CLANG_WARN_EMPTY_BODY = YES;
				CLANG_WARN_ENUM_CONVERSION = YES;
				CLANG_WARN_INFINITE_RECURSION = YES;
				CLANG_WARN_INT_CONVERSION = YES;
				CLANG_WARN_OBJC_ROOT_CLASS = YES_ERROR;
				CLANG_WARN_SUSPICIOUS_MOVE = YES;
				CLANG_WARN_UNREACHABLE_CODE = YES;
				CLANG_WARN__DUPLICATE_METHOD_MATCH = YES;
				"CODE_SIGN_IDENTITY[sdk=iphoneos*]" = "iPhone Developer";
				COPY_PHASE_STRIP = NO;
				DEBUG_INFORMATION_FORMAT = dwarf;
				ENABLE_STRICT_OBJC_MSGSEND = YES;
				ENABLE_TESTABILITY = YES;
				GCC_C_LANGUAGE_STANDARD = gnu99;
				GCC_DYNAMIC_NO_PIC = NO;
				GCC_NO_COMMON_BLOCKS = YES;
				GCC_OPTIMIZATION_LEVEL = 0;
				GCC_PREPROCESSOR_DEFINITIONS = (
					"DEBUG=1",
					"$(inherited)",
				);
				GCC_WARN_64_TO_32_BIT_CONVERSION = YES;
				GCC_WARN_ABOUT_RETURN_TYPE = YES_ERROR;
				GCC_WARN_UNDECLARED_SELECTOR = YES;
				GCC_WARN_UNINITIALIZED_AUTOS = YES_AGGRESSIVE;
				GCC_WARN_UNUSED_FUNCTION = YES;
				GCC_WARN_UNUSED_VARIABLE = YES;
				IPHONEOS_DEPLOYMENT_TARGET = 10.3;
				MTL_ENABLE_DEBUG_INFO = YES;
				ONLY_ACTIVE_ARCH = YES;
				SDKROOT = iphoneos;
			};
			name = Debug;
		};
		093E36971F5E4C2F0012C05F /* Release */ = {
			isa = XCBuildConfiguration;
			buildSettings = {
				ALWAYS_SEARCH_USER_PATHS = NO;
				CLANG_ANALYZER_NONNULL = YES;
				CLANG_ANALYZER_NUMBER_OBJECT_CONVERSION = YES_AGGRESSIVE;
				CLANG_CXX_LANGUAGE_STANDARD = "gnu++0x";
				CLANG_CXX_LIBRARY = "libc++";
				CLANG_ENABLE_MODULES = YES;
				CLANG_ENABLE_OBJC_ARC = YES;
				CLANG_WARN_BOOL_CONVERSION = YES;
				CLANG_WARN_CONSTANT_CONVERSION = YES;
				CLANG_WARN_DIRECT_OBJC_ISA_USAGE = YES_ERROR;
				CLANG_WARN_DOCUMENTATION_COMMENTS = YES;
				CLANG_WARN_EMPTY_BODY = YES;
				CLANG_WARN_ENUM_CONVERSION = YES;
				CLANG_WARN_INFINITE_RECURSION = YES;
				CLANG_WARN_INT_CONVERSION = YES;
				CLANG_WARN_OBJC_ROOT_CLASS = YES_ERROR;
				CLANG_WARN_SUSPICIOUS_MOVE = YES;
				CLANG_WARN_UNREACHABLE_CODE = YES;
				CLANG_WARN__DUPLICATE_METHOD_MATCH = YES;
				"CODE_SIGN_IDENTITY[sdk=iphoneos*]" = "iPhone Developer";
				COPY_PHASE_STRIP = NO;
				DEBUG_INFORMATION_FORMAT = "dwarf-with-dsym";
				ENABLE_NS_ASSERTIONS = NO;
				ENABLE_STRICT_OBJC_MSGSEND = YES;
				GCC_C_LANGUAGE_STANDARD = gnu99;
				GCC_NO_COMMON_BLOCKS = YES;
				GCC_WARN_64_TO_32_BIT_CONVERSION = YES;
				GCC_WARN_ABOUT_RETURN_TYPE = YES_ERROR;
				GCC_WARN_UNDECLARED_SELECTOR = YES;
				GCC_WARN_UNINITIALIZED_AUTOS = YES_AGGRESSIVE;
				GCC_WARN_UNUSED_FUNCTION = YES;
				GCC_WARN_UNUSED_VARIABLE = YES;
				IPHONEOS_DEPLOYMENT_TARGET = 10.3;
				MTL_ENABLE_DEBUG_INFO = NO;
				SDKROOT = iphoneos;
				VALIDATE_PRODUCT = YES;
			};
			name = Release;
		};
		093E36991F5E4C2F0012C05F /* Debug */ = {
			isa = XCBuildConfiguration;
			buildSettings = {
				ASSETCATALOG_COMPILER_APPICON_NAME = AppIcon;
				"CODE_SIGN_IDENTITY[sdk=iphoneos*]" = "iPhone Developer";
				DEVELOPMENT_TEAM = S58CK2GNVZ;
				GCC_PREFIX_HEADER = "$(SRCROOT)/LvXiu_iOS/LvXiu.pch";
				INFOPLIST_FILE = LvXiu_iOS/Info.plist;
				IPHONEOS_DEPLOYMENT_TARGET = 8.0;
				LD_RUNPATH_SEARCH_PATHS = "$(inherited) @executable_path/Frameworks";
				PRODUCT_BUNDLE_IDENTIFIER = "LvXiu-iOS";
				PRODUCT_NAME = "$(TARGET_NAME)";
				PROVISIONING_PROFILE = "484e5e92-9367-4ba8-828e-c414dab33bd9";
				PROVISIONING_PROFILE_SPECIFIER = LvXiuDevProfile;
			};
			name = Debug;
		};
		093E369A1F5E4C2F0012C05F /* Release */ = {
			isa = XCBuildConfiguration;
			buildSettings = {
				ASSETCATALOG_COMPILER_APPICON_NAME = AppIcon;
				"CODE_SIGN_IDENTITY[sdk=iphoneos*]" = "iPhone Distribution";
				DEVELOPMENT_TEAM = S58CK2GNVZ;
				GCC_PREFIX_HEADER = "$(SRCROOT)/LvXiu_iOS/LvXiu.pch";
				INFOPLIST_FILE = LvXiu_iOS/Info.plist;
				IPHONEOS_DEPLOYMENT_TARGET = 8.0;
				LD_RUNPATH_SEARCH_PATHS = "$(inherited) @executable_path/Frameworks";
				PRODUCT_BUNDLE_IDENTIFIER = "LvXiu-iOS";
				PRODUCT_NAME = "$(TARGET_NAME)";
				PROVISIONING_PROFILE = "d3ee6f6d-1873-4716-ba01-3f96c058fc8c";
				PROVISIONING_PROFILE_SPECIFIER = LvXiuDisProfile;
			};
			name = Release;
		};
/* End XCBuildConfiguration section */

/* Begin XCConfigurationList section */
		093E367C1F5E4C2F0012C05F /* Build configuration list for PBXProject "LvXiu_iOS" */ = {
			isa = XCConfigurationList;
			buildConfigurations = (
				093E36961F5E4C2F0012C05F /* Debug */,
				093E36971F5E4C2F0012C05F /* Release */,
			);
			defaultConfigurationIsVisible = 0;
			defaultConfigurationName = Release;
		};
		093E36981F5E4C2F0012C05F /* Build configuration list for PBXNativeTarget "LvXiu_iOS" */ = {
			isa = XCConfigurationList;
			buildConfigurations = (
				093E36991F5E4C2F0012C05F /* Debug */,
				093E369A1F5E4C2F0012C05F /* Release */,
			);
			defaultConfigurationIsVisible = 0;
			defaultConfigurationName = Release;
		};
/* End XCConfigurationList section */
	};
	rootObject = 093E36791F5E4C2F0012C05F /* Project object */;
}
